
Microsoft Visual Studio Solution File, Format Version 12.00
# Visual Studio Version 16
VisualStudioVersion = 16.0.32126.315
MinimumVisualStudioVersion = 10.0.40219.1
Project("{FAE04EC0-301F-11D3-BF4B-00C04F79EFBC}") = "NanjingGY", "NanjingGY\NanjingGY.csproj", "{03C86874-001A-4376-912A-03F58F9855BB}"
EndProject
Project("{FAE04EC0-301F-11D3-BF4B-00C04F79EFBC}") = "AppInfo", "AppInfo\AppInfo.csproj", "{C3649056-99DB-440D-81FB-D464AB1BB708}"
EndProject
Global
	GlobalSection(SolutionConfigurationPlatforms) = preSolution
		Debug|Any CPU = Debug|Any CPU
		Release|Any CPU = Release|Any CPU
	EndGlobalSection
	GlobalSection(ProjectConfigurationPlatforms) = postSolution
		{03C86874-001A-4376-912A-03F58F9855BB}.Debug|Any CPU.ActiveCfg = Debug|Any CPU
		{03C86874-001A-4376-912A-03F58F9855BB}.Debug|Any CPU.Build.0 = Debug|Any CPU
		{03C86874-001A-4376-912A-03F58F9855BB}.Release|Any CPU.ActiveCfg = Release|Any CPU
		{03C86874-001A-4376-912A-03F58F9855BB}.Release|Any CPU.Build.0 = Release|Any CPU
		{C3649056-99DB-440D-81FB-D464AB1BB708}.Debug|Any CPU.ActiveCfg = Debug|Any CPU
		{C3649056-99DB-440D-81FB-D464AB1BB708}.Debug|Any CPU.Build.0 = Debug|Any CPU
		{C3649056-99DB-440D-81FB-D464AB1BB708}.Release|Any CPU.ActiveCfg = Release|Any CPU
		{C3649056-99DB-440D-81FB-D464AB1BB708}.Release|Any CPU.Build.0 = Release|Any CPU
	EndGlobalSection
	GlobalSection(SolutionProperties) = preSolution
		HideSolutionNode = FALSE
	EndGlobalSection
	GlobalSection(ExtensibilityGlobals) = postSolution
		SolutionGuid = {B7BC0208-5FA3-44E4-932E-F3D7760B9F7F}
	EndGlobalSection
EndGlobal
